
Microsoft Visual Studio Solution File, Format Version 12.00
# Visual Studio Version 17
VisualStudioVersion = 17.10.35004.147
MinimumVisualStudioVersion = 10.0.40219.1
Project("{FAE04EC0-301F-11D3-BF4B-00C04F79EFBC}") = "DZ2", "DZ2.csproj", "{90EAA894-A30A-4555-AAAF-8751779565AD}"
EndProject
Global
	GlobalSection(SolutionConfigurationPlatforms) = preSolution
		Debug|Any CPU = Debug|Any CPU
		Release|Any CPU = Release|Any CPU
	EndGlobalSection
	GlobalSection(ProjectConfigurationPlatforms) = postSolution
		{90EAA894-A30A-4555-AAAF-8751779565AD}.Debug|Any CPU.ActiveCfg = Debug|Any CPU
		{90EAA894-A30A-4555-AAAF-8751779565AD}.Debug|Any CPU.Build.0 = Debug|Any CPU
		{90EAA894-A30A-4555-AAAF-8751779565AD}.Release|Any CPU.ActiveCfg = Release|Any CPU
		{90EAA894-A30A-4555-AAAF-8751779565AD}.Release|Any CPU.Build.0 = Release|Any CPU
	EndGlobalSection
	GlobalSection(SolutionProperties) = preSolution
		HideSolutionNode = FALSE
	EndGlobalSection
	GlobalSection(ExtensibilityGlobals) = postSolution
		SolutionGuid = {51921E00-E76F-4759-A9FB-7E5E1AD17DF1}
	EndGlobalSection
EndGlobal
